// !$*UTF8*$!
{
	archiveVersion = 1;
	classes = {
	};
	objectVersion = 52;
	objects = {

/* Begin PBXBuildFile section */
		AA16355BECE4BF4EAED7E340 /* Pods_BitcoinCurrency.framework in Frameworks */ = {isa = PBXBuildFile; fileRef = 82CD4914F45359D8A827AD5D /* Pods_BitcoinCurrency.framework */; };
		CBA20A7F26558A14006A5F02 /* bitcoin.jpg in Resources */ = {isa = PBXBuildFile; fileRef = CBA20A7E26558A14006A5F02 /* bitcoin.jpg */; };
		CBE375E526545269001E9D51 /* AppDelegate.swift in Sources */ = {isa = PBXBuildFile; fileRef = CBE375E426545269001E9D51 /* AppDelegate.swift */; };
		CBE375E726545269001E9D51 /* SceneDelegate.swift in Sources */ = {isa = PBXBuildFile; fileRef = CBE375E626545269001E9D51 /* SceneDelegate.swift */; };
		CBE375E926545269001E9D51 /* ViewController.swift in Sources */ = {isa = PBXBuildFile; fileRef = CBE375E826545269001E9D51 /* ViewController.swift */; };
		CBE375EC26545269001E9D51 /* Main.storyboard in Resources */ = {isa = PBXBuildFile; fileRef = CBE375EA26545269001E9D51 /* Main.storyboard */; };
		CBE375EE2654526B001E9D51 /* Assets.xcassets in Resources */ = {isa = PBXBuildFile; fileRef = CBE375ED2654526B001E9D51 /* Assets.xcassets */; };
		CBE375F12654526B001E9D51 /* LaunchScreen.storyboard in Resources */ = {isa = PBXBuildFile; fileRef = CBE375EF2654526B001E9D51 /* LaunchScreen.storyboard */; };
		CBE375FB26545584001E9D51 /* Alamofire in Frameworks */ = {isa = PBXBuildFile; productRef = CBE375FA26545584001E9D51 /* Alamofire */; };
		CBE375FF265455A0001E9D51 /* SwiftyJSON in Frameworks */ = {isa = PBXBuildFile; productRef = CBE375FE265455A0001E9D51 /* SwiftyJSON */; };
/* End PBXBuildFile section */

/* Begin PBXFileReference section */
		7B4E216E4841B3A912174CCD /* Pods-BitcoinCurrency.release.xcconfig */ = {isa = PBXFileReference; includeInIndex = 1; lastKnownFileType = text.xcconfig; name = "Pods-BitcoinCurrency.release.xcconfig"; path = "Target Support Files/Pods-BitcoinCurrency/Pods-BitcoinCurrency.release.xcconfig"; sourceTree = "<group>"; };
		82CD4914F45359D8A827AD5D /* Pods_BitcoinCurrency.framework */ = {isa = PBXFileReference; explicitFileType = wrapper.framework; includeInIndex = 0; path = Pods_BitcoinCurrency.framework; sourceTree = BUILT_PRODUCTS_DIR; };
		A6447D50B112BCEA5BB3C9E1 /* Pods-BitcoinCurrency.debug.xcconfig */ = {isa = PBXFileReference; includeInIndex = 1; lastKnownFileType = text.xcconfig; name = "Pods-BitcoinCurrency.debug.xcconfig"; path = "Target Support Files/Pods-BitcoinCurrency/Pods-BitcoinCurrency.debug.xcconfig"; sourceTree = "<group>"; };
		CBA20A7E26558A14006A5F02 /* bitcoin.jpg */ = {isa = PBXFileReference; lastKnownFileType = image.jpeg; name = bitcoin.jpg; path = ../../bitcoin.jpg; sourceTree = "<group>"; };
		CBE375E126545269001E9D51 /* BitcoinCurrency.app */ = {isa = PBXFileReference; explicitFileType = wrapper.application; includeInIndex = 0; path = BitcoinCurrency.app; sourceTree = BUILT_PRODUCTS_DIR; };
		CBE375E426545269001E9D51 /* AppDelegate.swift */ = {isa = PBXFileReference; lastKnownFileType = sourcecode.swift; path = AppDelegate.swift; sourceTree = "<group>"; };
		CBE375E626545269001E9D51 /* SceneDelegate.swift */ = {isa = PBXFileReference; lastKnownFileType = sourcecode.swift; path = SceneDelegate.swift; sourceTree = "<group>"; };
		CBE375E826545269001E9D51 /* ViewController.swift */ = {isa = PBXFileReference; lastKnownFileType = sourcecode.swift; path = ViewController.swift; sourceTree = "<group>"; };
		CBE375EB26545269001E9D51 /* Base */ = {isa = PBXFileReference; lastKnownFileType = file.storyboard; name = Base; path = Base.lproj/Main.storyboard; sourceTree = "<group>"; };
		CBE375ED2654526B001E9D51 /* Assets.xcassets */ = {isa = PBXFileReference; lastKnownFileType = folder.assetcatalog; path = Assets.xcassets; sourceTree = "<group>"; };
		CBE375F02654526B001E9D51 /* Base */ = {isa = PBXFileReference; lastKnownFileType = file.storyboard; name = Base; path = Base.lproj/LaunchScreen.storyboard; sourceTree = "<group>"; };
		CBE375F22654526B001E9D51 /* Info.plist */ = {isa = PBXFileReference; lastKnownFileType = text.plist.xml; path = Info.plist; sourceTree = "<group>"; };
/* End PBXFileReference section */

/* Begin PBXFrameworksBuildPhase section */
		CBE375DE26545269001E9D51 /* Frameworks */ = {
			isa = PBXFrameworksBuildPhase;
			buildActionMask = 2147483647;
			files = (
				CBE375FF265455A0001E9D51 /* SwiftyJSON in Frameworks */,
				CBE375FB26545584001E9D51 /* Alamofire in Frameworks */,
				AA16355BECE4BF4EAED7E340 /* Pods_BitcoinCurrency.framework in Frameworks */,
			);
			runOnlyForDeploymentPostprocessing = 0;
		};
/* End PBXFrameworksBuildPhase section */

/* Begin PBXGroup section */
		1E0AEAEF24665315454BB4BE /* Frameworks */ = {
			isa = PBXGroup;
			children = (
				82CD4914F45359D8A827AD5D /* Pods_BitcoinCurrency.framework */,
			);
			name = Frameworks;
			sourceTree = "<group>";
		};
		39497C496F311442322A7A4D /* Pods */ = {
			isa = PBXGroup;
			children = (
				A6447D50B112BCEA5BB3C9E1 /* Pods-BitcoinCurrency.debug.xcconfig */,
				7B4E216E4841B3A912174CCD /* Pods-BitcoinCurrency.release.xcconfig */,
			);
			path = Pods;
			sourceTree = "<group>";
		};
		CBE375D826545269001E9D51 = {
			isa = PBXGroup;
			children = (
				CBE375E326545269001E9D51 /* BitcoinCurrency */,
				CBE375E226545269001E9D51 /* Products */,
				39497C496F311442322A7A4D /* Pods */,
				1E0AEAEF24665315454BB4BE /* Frameworks */,
			);
			sourceTree = "<group>";
		};
		CBE375E226545269001E9D51 /* Products */ = {
			isa = PBXGroup;
			children = (
				CBE375E126545269001E9D51 /* BitcoinCurrency.app */,
			);
			name = Products;
			sourceTree = "<group>";
		};
		CBE375E326545269001E9D51 /* BitcoinCurrency */ = {
			isa = PBXGroup;
			children = (
				CBE375E426545269001E9D51 /* AppDelegate.swift */,
				CBE375E626545269001E9D51 /* SceneDelegate.swift */,
				CBE375E826545269001E9D51 /* ViewController.swift */,
				CBE375EA26545269001E9D51 /* Main.storyboard */,
				CBE375ED2654526B001E9D51 /* Assets.xcassets */,
				CBE375EF2654526B001E9D51 /* LaunchScreen.storyboard */,
				CBE375F22654526B001E9D51 /* Info.plist */,
				CBA20A7E26558A14006A5F02 /* bitcoin.jpg */,
			);
			path = BitcoinCurrency;
			sourceTree = "<group>";
		};
/* End PBXGroup section */

/* Begin PBXNativeTarget section */
		CBE375E026545269001E9D51 /* BitcoinCurrency */ = {
			isa = PBXNativeTarget;
			buildConfigurationList = CBE375F52654526B001E9D51 /* Build configuration list for PBXNativeTarget "BitcoinCurrency" */;
			buildPhases = (
				FB04A7CF8CA0C22F1500D1A9 /* [CP] Check Pods Manifest.lock */,
				CBE375DD26545269001E9D51 /* Sources */,
				CBE375DE26545269001E9D51 /* Frameworks */,
				CBE375DF26545269001E9D51 /* Resources */,
			);
			buildRules = (
			);
			dependencies = (
			);
			name = BitcoinCurrency;
			packageProductDependencies = (
				CBE375FA26545584001E9D51 /* Alamofire */,
				CBE375FE265455A0001E9D51 /* SwiftyJSON */,
			);
			productName = BitcoinCurrency;
			productReference = CBE375E126545269001E9D51 /* BitcoinCurrency.app */;
			productType = "com.apple.product-type.application";
		};
/* End PBXNativeTarget section */

/* Begin PBXProject section */
		CBE375D926545269001E9D51 /* Project object */ = {
			isa = PBXProject;
			attributes = {
				LastSwiftUpdateCheck = 1240;
				LastUpgradeCheck = 1240;
				TargetAttributes = {
					CBE375E026545269001E9D51 = {
						CreatedOnToolsVersion = 12.4;
					};
				};
			};
			buildConfigurationList = CBE375DC26545269001E9D51 /* Build configuration list for PBXProject "BitcoinCurrency" */;
			compatibilityVersion = "Xcode 9.3";
			developmentRegion = en;
			hasScannedForEncodings = 0;
			knownRegions = (
				en,
				Base,
			);
			mainGroup = CBE375D826545269001E9D51;
			packageReferences = (
				CBE375F926545584001E9D51 /* XCRemoteSwiftPackageReference "Alamofire" */,
				CBE375FD265455A0001E9D51 /* XCRemoteSwiftPackageReference "SwiftyJSON" */,
			);
			productRefGroup = CBE375E226545269001E9D51 /* Products */;
			projectDirPath = "";
			projectRoot = "";
			targets = (
				CBE375E026545269001E9D51 /* BitcoinCurrency */,
			);
		};
/* End PBXProject section */

/* Begin PBXResourcesBuildPhase section */
		CBE375DF26545269001E9D51 /* Resources */ = {
			isa = PBXResourcesBuildPhase;
			buildActionMask = 2147483647;
			files = (
				CBE375F12654526B001E9D51 /* LaunchScreen.storyboard in Resources */,
				CBE375EE2654526B001E9D51 /* Assets.xcassets in Resources */,
				CBA20A7F26558A14006A5F02 /* bitcoin.jpg in Resources */,
				CBE375EC26545269001E9D51 /* Main.storyboard in Resources */,
			);
			runOnlyForDeploymentPostprocessing = 0;
		};
/* End PBXResourcesBuildPhase section */

/* Begin PBXShellScriptBuildPhase section */
		FB04A7CF8CA0C22F1500D1A9 /* [CP] Check Pods Manifest.lock */ = {
			isa = PBXShellScriptBuildPhase;
			buildActionMask = 2147483647;
			files = (
			);
			inputFileListPaths = (
			);
			inputPaths = (
				"${PODS_PODFILE_DIR_PATH}/Podfile.lock",
				"${PODS_ROOT}/Manifest.lock",
			);
			name = "[CP] Check Pods Manifest.lock";
			outputFileListPaths = (
			);
			outputPaths = (
				"$(DERIVED_FILE_DIR)/Pods-BitcoinCurrency-checkManifestLockResult.txt",
			);
			runOnlyForDeploymentPostprocessing = 0;
			shellPath = /bin/sh;
			shellScript = "diff \"${PODS_PODFILE_DIR_PATH}/Podfile.lock\" \"${PODS_ROOT}/Manifest.lock\" > /dev/null\nif [ $? != 0 ] ; then\n    # print error to STDERR\n    echo \"error: The sandbox is not in sync with the Podfile.lock. Run 'pod install' or update your CocoaPods installation.\" >&2\n    exit 1\nfi\n# This output is used by Xcode 'outputs' to avoid re-running this script phase.\necho \"SUCCESS\" > \"${SCRIPT_OUTPUT_FILE_0}\"\n";
			showEnvVarsInLog = 0;
		};
/* End PBXShellScriptBuildPhase section */

/* Begin PBXSourcesBuildPhase section */
		CBE375DD26545269001E9D51 /* Sources */ = {
			isa = PBXSourcesBuildPhase;
			buildActionMask = 2147483647;
			files = (
				CBE375E926545269001E9D51 /* ViewController.swift in Sources */,
				CBE375E526545269001E9D51 /* AppDelegate.swift in Sources */,
				CBE375E726545269001E9D51 /* SceneDelegate.swift in Sources */,
			);
			runOnlyForDeploymentPostprocessing = 0;
		};
/* End PBXSourcesBuildPhase section */

/* Begin PBXVariantGroup section */
		CBE375EA26545269001E9D51 /* Main.storyboard */ = {
			isa = PBXVariantGroup;
			children = (
				CBE375EB26545269001E9D51 /* Base */,
			);
			name = Main.storyboard;
			sourceTree = "<group>";
		};
		CBE375EF2654526B001E9D51 /* LaunchScreen.storyboard */ = {
			isa = PBXVariantGroup;
			children = (
				CBE375F02654526B001E9D51 /* Base */,
			);
			name = LaunchScreen.storyboard;
			sourceTree = "<group>";
		};
/* End PBXVariantGroup section */

/* Begin XCBuildConfiguration section */
		CBE375F32654526B001E9D51 /* Debug */ = {
			isa = XCBuildConfiguration;
			buildSettings = {
				ALWAYS_SEARCH_USER_PATHS = NO;
				CLANG_ANALYZER_NONNULL = YES;
				CLANG_ANALYZER_NUMBER_OBJECT_CONVERSION = YES_AGGRESSIVE;
				CLANG_CXX_LANGUAGE_STANDARD = "gnu++14";
				CLANG_CXX_LIBRARY = "libc++";
				CLANG_ENABLE_MODULES = YES;
				CLANG_ENABLE_OBJC_ARC = YES;
				CLANG_ENABLE_OBJC_WEAK = YES;
				CLANG_WARN_BLOCK_CAPTURE_AUTORELEASING = YES;
				CLANG_WARN_BOOL_CONVERSION = YES;
				CLANG_WARN_COMMA = YES;
				CLANG_WARN_CONSTANT_CONVERSION = YES;
				CLANG_WARN_DEPRECATED_OBJC_IMPLEMENTATIONS = YES;
				CLANG_WARN_DIRECT_OBJC_ISA_USAGE = YES_ERROR;
				CLANG_WARN_DOCUMENTATION_COMMENTS = YES;
				CLANG_WARN_EMPTY_BODY = YES;
				CLANG_WARN_ENUM_CONVERSION = YES;
				CLANG_WARN_INFINITE_RECURSION = YES;
				CLANG_WARN_INT_CONVERSION = YES;
				CLANG_WARN_NON_LITERAL_NULL_CONVERSION = YES;
				CLANG_WARN_OBJC_IMPLICIT_RETAIN_SELF = YES;
				CLANG_WARN_OBJC_LITERAL_CONVERSION = YES;
				CLANG_WARN_OBJC_ROOT_CLASS = YES_ERROR;
				CLANG_WARN_QUOTED_INCLUDE_IN_FRAMEWORK_HEADER = YES;
				CLANG_WARN_RANGE_LOOP_ANALYSIS = YES;
				CLANG_WARN_STRICT_PROTOTYPES = YES;
				CLANG_WARN_SUSPICIOUS_MOVE = YES;
				CLANG_WARN_UNGUARDED_AVAILABILITY = YES_AGGRESSIVE;
				CLANG_WARN_UNREACHABLE_CODE = YES;
				CLANG_WARN__DUPLICATE_METHOD_MATCH = YES;
				COPY_PHASE_STRIP = NO;
				DEBUG_INFORMATION_FORMAT = dwarf;
				ENABLE_STRICT_OBJC_MSGSEND = YES;
				ENABLE_TESTABILITY = YES;
				GCC_C_LANGUAGE_STANDARD = gnu11;
				GCC_DYNAMIC_NO_PIC = NO;
				GCC_NO_COMMON_BLOCKS = YES;
				GCC_OPTIMIZATION_LEVEL = 0;
				GCC_PREPROCESSOR_DEFINITIONS = (
					"DEBUG=1",
					"$(inherited)",
				);
				GCC_WARN_64_TO_32_BIT_CONVERSION = YES;
				GCC_WARN_ABOUT_RETURN_TYPE = YES_ERROR;
				GCC_WARN_UNDECLARED_SELECTOR = YES;
				GCC_WARN_UNINITIALIZED_AUTOS = YES_AGGRESSIVE;
				GCC_WARN_UNUSED_FUNCTION = YES;
				GCC_WARN_UNUSED_VARIABLE = YES;
				IPHONEOS_DEPLOYMENT_TARGET = 14.4;
				MTL_ENABLE_DEBUG_INFO = INCLUDE_SOURCE;
				MTL_FAST_MATH = YES;
				ONLY_ACTIVE_ARCH = YES;
				SDKROOT = iphoneos;
				SWIFT_ACTIVE_COMPILATION_CONDITIONS = DEBUG;
				SWIFT_OPTIMIZATION_LEVEL = "-Onone";
			};
			name = Debug;
		};
		CBE375F42654526B001E9D51 /* Release */ = {
			isa = XCBuildConfiguration;
			buildSettings = {
				ALWAYS_SEARCH_USER_PATHS = NO;
				CLANG_ANALYZER_NONNULL = YES;
				CLANG_ANALYZER_NUMBER_OBJECT_CONVERSION = YES_AGGRESSIVE;
				CLANG_CXX_LANGUAGE_STANDARD = "gnu++14";
				CLANG_CXX_LIBRARY = "libc++";
				CLANG_ENABLE_MODULES = YES;
				CLANG_ENABLE_OBJC_ARC = YES;
				CLANG_ENABLE_OBJC_WEAK = YES;
				CLANG_WARN_BLOCK_CAPTURE_AUTORELEASING = YES;
				CLANG_WARN_BOOL_CONVERSION = YES;
				CLANG_WARN_COMMA = YES;
				CLANG_WARN_CONSTANT_CONVERSION = YES;
				CLANG_WARN_DEPRECATED_OBJC_IMPLEMENTATIONS = YES;
				CLANG_WARN_DIRECT_OBJC_ISA_USAGE = YES_ERROR;
				CLANG_WARN_DOCUMENTATION_COMMENTS = YES;
				CLANG_WARN_EMPTY_BODY = YES;
				CLANG_WARN_ENUM_CONVERSION = YES;
				CLANG_WARN_INFINITE_RECURSION = YES;
				CLANG_WARN_INT_CONVERSION = YES;
				CLANG_WARN_NON_LITERAL_NULL_CONVERSION = YES;
				CLANG_WARN_OBJC_IMPLICIT_RETAIN_SELF = YES;
				CLANG_WARN_OBJC_LITERAL_CONVERSION = YES;
				CLANG_WARN_OBJC_ROOT_CLASS = YES_ERROR;
				CLANG_WARN_QUOTED_INCLUDE_IN_FRAMEWORK_HEADER = YES;
				CLANG_WARN_RANGE_LOOP_ANALYSIS = YES;
				CLANG_WARN_STRICT_PROTOTYPES = YES;
				CLANG_WARN_SUSPICIOUS_MOVE = YES;
				CLANG_WARN_UNGUARDED_AVAILABILITY = YES_AGGRESSIVE;
				CLANG_WARN_UNREACHABLE_CODE = YES;
				CLANG_WARN__DUPLICATE_METHOD_MATCH = YES;
				COPY_PHASE_STRIP = NO;
				DEBUG_INFORMATION_FORMAT = "dwarf-with-dsym";
				ENABLE_NS_ASSERTIONS = NO;
				ENABLE_STRICT_OBJC_MSGSEND = YES;
				GCC_C_LANGUAGE_STANDARD = gnu11;
				GCC_NO_COMMON_BLOCKS = YES;
				GCC_WARN_64_TO_32_BIT_CONVERSION = YES;
				GCC_WARN_ABOUT_RETURN_TYPE = YES_ERROR;
				GCC_WARN_UNDECLARED_SELECTOR = YES;
				GCC_WARN_UNINITIALIZED_AUTOS = YES_AGGRESSIVE;
				GCC_WARN_UNUSED_FUNCTION = YES;
				GCC_WARN_UNUSED_VARIABLE = YES;
				IPHONEOS_DEPLOYMENT_TARGET = 14.4;
				MTL_ENABLE_DEBUG_INFO = NO;
				MTL_FAST_MATH = YES;
				SDKROOT = iphoneos;
				SWIFT_COMPILATION_MODE = wholemodule;
				SWIFT_OPTIMIZATION_LEVEL = "-O";
				VALIDATE_PRODUCT = YES;
			};
			name = Release;
		};
		CBE375F62654526B001E9D51 /* Debug */ = {
			isa = XCBuildConfiguration;
			baseConfigurationReference = A6447D50B112BCEA5BB3C9E1 /* Pods-BitcoinCurrency.debug.xcconfig */;
			buildSettings = {
				ASSETCATALOG_COMPILER_APPICON_NAME = AppIcon;
				ASSETCATALOG_COMPILER_GLOBAL_ACCENT_COLOR_NAME = AccentColor;
				CODE_SIGN_STYLE = Automatic;
				INFOPLIST_FILE = BitcoinCurrency/Info.plist;
				LD_RUNPATH_SEARCH_PATHS = (
					"$(inherited)",
					"@executable_path/Frameworks",
				);
				PRODUCT_BUNDLE_IDENTIFIER = "Gustavo-Franco.BitcoinCurrency";
				PRODUCT_NAME = "$(TARGET_NAME)";
				SWIFT_VERSION = 5.0;
				TARGETED_DEVICE_FAMILY = "1,2";
			};
			name = Debug;
		};
		CBE375F72654526B001E9D51 /* Release */ = {
			isa = XCBuildConfiguration;
			baseConfigurationReference = 7B4E216E4841B3A912174CCD /* Pods-BitcoinCurrency.release.xcconfig */;
			buildSettings = {
				ASSETCATALOG_COMPILER_APPICON_NAME = AppIcon;
				ASSETCATALOG_COMPILER_GLOBAL_ACCENT_COLOR_NAME = AccentColor;
				CODE_SIGN_STYLE = Automatic;
				INFOPLIST_FILE = BitcoinCurrency/Info.plist;
				LD_RUNPATH_SEARCH_PATHS = (
					"$(inherited)",
					"@executable_path/Frameworks",
				);
				PRODUCT_BUNDLE_IDENTIFIER = "Gustavo-Franco.BitcoinCurrency";
				PRODUCT_NAME = "$(TARGET_NAME)";
				SWIFT_VERSION = 5.0;
				TARGETED_DEVICE_FAMILY = "1,2";
			};
			name = Release;
		};
/* End XCBuildConfiguration section */

/* Begin XCConfigurationList section */
		CBE375DC26545269001E9D51 /* Build configuration list for PBXProject "BitcoinCurrency" */ = {
			isa = XCConfigurationList;
			buildConfigurations = (
				CBE375F32654526B001E9D51 /* Debug */,
				CBE375F42654526B001E9D51 /* Release */,
			);
			defaultConfigurationIsVisible = 0;
			defaultConfigurationName = Release;
		};
		CBE375F52654526B001E9D51 /* Build configuration list for PBXNativeTarget "BitcoinCurrency" */ = {
			isa = XCConfigurationList;
			buildConfigurations = (
				CBE375F62654526B001E9D51 /* Debug */,
				CBE375F72654526B001E9D51 /* Release */,
			);
			defaultConfigurationIsVisible = 0;
			defaultConfigurationName = Release;
		};
/* End XCConfigurationList section */

/* Begin XCRemoteSwiftPackageReference section */
		CBE375F926545584001E9D51 /* XCRemoteSwiftPackageReference "Alamofire" */ = {
			isa = XCRemoteSwiftPackageReference;
			repositoryURL = "https://github.com/Alamofire/Alamofire.git";
			requirement = {
				kind = upToNextMajorVersion;
				minimumVersion = 5.4.3;
			};
		};
		CBE375FD265455A0001E9D51 /* XCRemoteSwiftPackageReference "SwiftyJSON" */ = {
			isa = XCRemoteSwiftPackageReference;
			repositoryURL = "https://github.com/SwiftyJSON/SwiftyJSON.git";
			requirement = {
				kind = upToNextMajorVersion;
				minimumVersion = 5.0.1;
			};
		};
/* End XCRemoteSwiftPackageReference section */

/* Begin XCSwiftPackageProductDependency section */
		CBE375FA26545584001E9D51 /* Alamofire */ = {
			isa = XCSwiftPackageProductDependency;
			package = CBE375F926545584001E9D51 /* XCRemoteSwiftPackageReference "Alamofire" */;
			productName = Alamofire;
		};
		CBE375FE265455A0001E9D51 /* SwiftyJSON */ = {
			isa = XCSwiftPackageProductDependency;
			package = CBE375FD265455A0001E9D51 /* XCRemoteSwiftPackageReference "SwiftyJSON" */;
			productName = SwiftyJSON;
		};
/* End XCSwiftPackageProductDependency section */
	};
	rootObject = CBE375D926545269001E9D51 /* Project object */;
}
